// !$*UTF8*$!
{
	archiveVersion = 1;
	classes = {
	};
	objectVersion = 50;
	objects = {

/* Begin PBXBuildFile section */
		9E10E30F25AB544F0052500B /* odz4_Login_NeumorphismApp.swift in Sources */ = {isa = PBXBuildFile; fileRef = 9E10E2FC25AB544B0052500B /* odz4_Login_NeumorphismApp.swift */; };
		9E10E31025AB544F0052500B /* odz4_Login_NeumorphismApp.swift in Sources */ = {isa = PBXBuildFile; fileRef = 9E10E2FC25AB544B0052500B /* odz4_Login_NeumorphismApp.swift */; };
		9E10E31125AB544F0052500B /* ContentView.swift in Sources */ = {isa = PBXBuildFile; fileRef = 9E10E2FD25AB544B0052500B /* ContentView.swift */; };
		9E10E31225AB544F0052500B /* ContentView.swift in Sources */ = {isa = PBXBuildFile; fileRef = 9E10E2FD25AB544B0052500B /* ContentView.swift */; };
		9E10E31325AB544F0052500B /* Assets.xcassets in Resources */ = {isa = PBXBuildFile; fileRef = 9E10E2FE25AB544F0052500B /* Assets.xcassets */; };
		9E10E31425AB544F0052500B /* Assets.xcassets in Resources */ = {isa = PBXBuildFile; fileRef = 9E10E2FE25AB544F0052500B /* Assets.xcassets */; };
		9E10E32025AB55490052500B /* Login.swift in Sources */ = {isa = PBXBuildFile; fileRef = 9E10E31F25AB55490052500B /* Login.swift */; };
		9E10E32125AB55490052500B /* Login.swift in Sources */ = {isa = PBXBuildFile; fileRef = 9E10E31F25AB55490052500B /* Login.swift */; };
		9E10E32525AB5C510052500B /* Register.swift in Sources */ = {isa = PBXBuildFile; fileRef = 9E10E32425AB5C510052500B /* Register.swift */; };
		9E10E32625AB5C510052500B /* Register.swift in Sources */ = {isa = PBXBuildFile; fileRef = 9E10E32425AB5C510052500B /* Register.swift */; };
/* End PBXBuildFile section */

/* Begin PBXFileReference section */
		9E10E2FC25AB544B0052500B /* odz4_Login_NeumorphismApp.swift */ = {isa = PBXFileReference; lastKnownFileType = sourcecode.swift; path = odz4_Login_NeumorphismApp.swift; sourceTree = "<group>"; };
		9E10E2FD25AB544B0052500B /* ContentView.swift */ = {isa = PBXFileReference; lastKnownFileType = sourcecode.swift; path = ContentView.swift; sourceTree = "<group>"; };
		9E10E2FE25AB544F0052500B /* Assets.xcassets */ = {isa = PBXFileReference; lastKnownFileType = folder.assetcatalog; path = Assets.xcassets; sourceTree = "<group>"; };
		9E10E30325AB544F0052500B /* odz4-Login-Neumorphism.app */ = {isa = PBXFileReference; explicitFileType = wrapper.application; includeInIndex = 0; path = "odz4-Login-Neumorphism.app"; sourceTree = BUILT_PRODUCTS_DIR; };
		9E10E30625AB544F0052500B /* Info.plist */ = {isa = PBXFileReference; lastKnownFileType = text.plist.xml; path = Info.plist; sourceTree = "<group>"; };
		9E10E30B25AB544F0052500B /* odz4-Login-Neumorphism.app */ = {isa = PBXFileReference; explicitFileType = wrapper.application; includeInIndex = 0; path = "odz4-Login-Neumorphism.app"; sourceTree = BUILT_PRODUCTS_DIR; };
		9E10E30D25AB544F0052500B /* Info.plist */ = {isa = PBXFileReference; lastKnownFileType = text.plist.xml; path = Info.plist; sourceTree = "<group>"; };
		9E10E30E25AB544F0052500B /* macOS.entitlements */ = {isa = PBXFileReference; lastKnownFileType = text.plist.entitlements; path = macOS.entitlements; sourceTree = "<group>"; };
		9E10E31F25AB55490052500B /* Login.swift */ = {isa = PBXFileReference; lastKnownFileType = sourcecode.swift; path = Login.swift; sourceTree = "<group>"; };
		9E10E32425AB5C510052500B /* Register.swift */ = {isa = PBXFileReference; lastKnownFileType = sourcecode.swift; path = Register.swift; sourceTree = "<group>"; };
/* End PBXFileReference section */

/* Begin PBXFrameworksBuildPhase section */
		9E10E30025AB544F0052500B /* Frameworks */ = {
			isa = PBXFrameworksBuildPhase;
			buildActionMask = 2147483647;
			files = (
			);
			runOnlyForDeploymentPostprocessing = 0;
		};
		9E10E30825AB544F0052500B /* Frameworks */ = {
			isa = PBXFrameworksBuildPhase;
			buildActionMask = 2147483647;
			files = (
			);
			runOnlyForDeploymentPostprocessing = 0;
		};
/* End PBXFrameworksBuildPhase section */

/* Begin PBXGroup section */
		9E10E2F625AB544B0052500B = {
			isa = PBXGroup;
			children = (
				9E10E2FB25AB544B0052500B /* Shared */,
				9E10E30525AB544F0052500B /* iOS */,
				9E10E30C25AB544F0052500B /* macOS */,
				9E10E30425AB544F0052500B /* Products */,
			);
			sourceTree = "<group>";
		};
		9E10E2FB25AB544B0052500B /* Shared */ = {
			isa = PBXGroup;
			children = (
				9E10E2FC25AB544B0052500B /* odz4_Login_NeumorphismApp.swift */,
				9E10E2FD25AB544B0052500B /* ContentView.swift */,
				9E10E31F25AB55490052500B /* Login.swift */,
				9E10E32425AB5C510052500B /* Register.swift */,
				9E10E2FE25AB544F0052500B /* Assets.xcassets */,
			);
			path = Shared;
			sourceTree = "<group>";
		};
		9E10E30425AB544F0052500B /* Products */ = {
			isa = PBXGroup;
			children = (
				9E10E30325AB544F0052500B /* odz4-Login-Neumorphism.app */,
				9E10E30B25AB544F0052500B /* odz4-Login-Neumorphism.app */,
			);
			name = Products;
			sourceTree = "<group>";
		};
		9E10E30525AB544F0052500B /* iOS */ = {
			isa = PBXGroup;
			children = (
				9E10E30625AB544F0052500B /* Info.plist */,
			);
			path = iOS;
			sourceTree = "<group>";
		};
		9E10E30C25AB544F0052500B /* macOS */ = {
			isa = PBXGroup;
			children = (
				9E10E30D25AB544F0052500B /* Info.plist */,
				9E10E30E25AB544F0052500B /* macOS.entitlements */,
			);
			path = macOS;
			sourceTree = "<group>";
		};
/* End PBXGroup section */

/* Begin PBXNativeTarget section */
		9E10E30225AB544F0052500B /* odz4-Login-Neumorphism (iOS) */ = {
			isa = PBXNativeTarget;
			buildConfigurationList = 9E10E31725AB544F0052500B /* Build configuration list for PBXNativeTarget "odz4-Login-Neumorphism (iOS)" */;
			buildPhases = (
				9E10E2FF25AB544F0052500B /* Sources */,
				9E10E30025AB544F0052500B /* Frameworks */,
				9E10E30125AB544F0052500B /* Resources */,
			);
			buildRules = (
			);
			dependencies = (
			);
			name = "odz4-Login-Neumorphism (iOS)";
			productName = "odz4-Login-Neumorphism (iOS)";
			productReference = 9E10E30325AB544F0052500B /* odz4-Login-Neumorphism.app */;
			productType = "com.apple.product-type.application";
		};
		9E10E30A25AB544F0052500B /* odz4-Login-Neumorphism (macOS) */ = {
			isa = PBXNativeTarget;
			buildConfigurationList = 9E10E31A25AB544F0052500B /* Build configuration list for PBXNativeTarget "odz4-Login-Neumorphism (macOS)" */;
			buildPhases = (
				9E10E30725AB544F0052500B /* Sources */,
				9E10E30825AB544F0052500B /* Frameworks */,
				9E10E30925AB544F0052500B /* Resources */,
			);
			buildRules = (
			);
			dependencies = (
			);
			name = "odz4-Login-Neumorphism (macOS)";
			productName = "odz4-Login-Neumorphism (macOS)";
			productReference = 9E10E30B25AB544F0052500B /* odz4-Login-Neumorphism.app */;
			productType = "com.apple.product-type.application";
		};
/* End PBXNativeTarget section */

/* Begin PBXProject section */
		9E10E2F725AB544B0052500B /* Project object */ = {
			isa = PBXProject;
			attributes = {
				LastSwiftUpdateCheck = 1230;
				LastUpgradeCheck = 1230;
				TargetAttributes = {
					9E10E30225AB544F0052500B = {
						CreatedOnToolsVersion = 12.3;
					};
					9E10E30A25AB544F0052500B = {
						CreatedOnToolsVersion = 12.3;
					};
				};
			};
			buildConfigurationList = 9E10E2FA25AB544B0052500B /* Build configuration list for PBXProject "odz4-Login-Neumorphism" */;
			compatibilityVersion = "Xcode 9.3";
			developmentRegion = en;
			hasScannedForEncodings = 0;
			knownRegions = (
				en,
				Base,
			);
			mainGroup = 9E10E2F625AB544B0052500B;
			productRefGroup = 9E10E30425AB544F0052500B /* Products */;
			projectDirPath = "";
			projectRoot = "";
			targets = (
				9E10E30225AB544F0052500B /* odz4-Login-Neumorphism (iOS) */,
				9E10E30A25AB544F0052500B /* odz4-Login-Neumorphism (macOS) */,
			);
		};
/* End PBXProject section */

/* Begin PBXResourcesBuildPhase section */
		9E10E30125AB544F0052500B /* Resources */ = {
			isa = PBXResourcesBuildPhase;
			buildActionMask = 2147483647;
			files = (
				9E10E31325AB544F0052500B /* Assets.xcassets in Resources */,
			);
			runOnlyForDeploymentPostprocessing = 0;
		};
		9E10E30925AB544F0052500B /* Resources */ = {
			isa = PBXResourcesBuildPhase;
			buildActionMask = 2147483647;
			files = (
				9E10E31425AB544F0052500B /* Assets.xcassets in Resources */,
			);
			runOnlyForDeploymentPostprocessing = 0;
		};
/* End PBXResourcesBuildPhase section */

/* Begin PBXSourcesBuildPhase section */
		9E10E2FF25AB544F0052500B /* Sources */ = {
			isa = PBXSourcesBuildPhase;
			buildActionMask = 2147483647;
			files = (
				9E10E32025AB55490052500B /* Login.swift in Sources */,
				9E10E31125AB544F0052500B /* ContentView.swift in Sources */,
				9E10E32525AB5C510052500B /* Register.swift in Sources */,
				9E10E30F25AB544F0052500B /* odz4_Login_NeumorphismApp.swift in Sources */,
			);
			runOnlyForDeploymentPostprocessing = 0;
		};
		9E10E30725AB544F0052500B /* Sources */ = {
			isa = PBXSourcesBuildPhase;
			buildActionMask = 2147483647;
			files = (
				9E10E32125AB55490052500B /* Login.swift in Sources */,
				9E10E31225AB544F0052500B /* ContentView.swift in Sources */,
				9E10E32625AB5C510052500B /* Register.swift in Sources */,
				9E10E31025AB544F0052500B /* odz4_Login_NeumorphismApp.swift in Sources */,
			);
			runOnlyForDeploymentPostprocessing = 0;
		};
/* End PBXSourcesBuildPhase section */

/* Begin XCBuildConfiguration section */
		9E10E31525AB544F0052500B /* Debug */ = {
			isa = XCBuildConfiguration;
			buildSettings = {
				ALWAYS_SEARCH_USER_PATHS = NO;
				CLANG_ANALYZER_NONNULL = YES;
				CLANG_ANALYZER_NUMBER_OBJECT_CONVERSION = YES_AGGRESSIVE;
				CLANG_CXX_LANGUAGE_STANDARD = "gnu++14";
				CLANG_CXX_LIBRARY = "libc++";
				CLANG_ENABLE_MODULES = YES;
				CLANG_ENABLE_OBJC_ARC = YES;
				CLANG_ENABLE_OBJC_WEAK = YES;
				CLANG_WARN_BLOCK_CAPTURE_AUTORELEASING = YES;
				CLANG_WARN_BOOL_CONVERSION = YES;
				CLANG_WARN_COMMA = YES;
				CLANG_WARN_CONSTANT_CONVERSION = YES;
				CLANG_WARN_DEPRECATED_OBJC_IMPLEMENTATIONS = YES;
				CLANG_WARN_DIRECT_OBJC_ISA_USAGE = YES_ERROR;
				CLANG_WARN_DOCUMENTATION_COMMENTS = YES;
				CLANG_WARN_EMPTY_BODY = YES;
				CLANG_WARN_ENUM_CONVERSION = YES;
				CLANG_WARN_INFINITE_RECURSION = YES;
				CLANG_WARN_INT_CONVERSION = YES;
				CLANG_WARN_NON_LITERAL_NULL_CONVERSION = YES;
				CLANG_WARN_OBJC_IMPLICIT_RETAIN_SELF = YES;
				CLANG_WARN_OBJC_LITERAL_CONVERSION = YES;
				CLANG_WARN_OBJC_ROOT_CLASS = YES_ERROR;
				CLANG_WARN_QUOTED_INCLUDE_IN_FRAMEWORK_HEADER = YES;
				CLANG_WARN_RANGE_LOOP_ANALYSIS = YES;
				CLANG_WARN_STRICT_PROTOTYPES = YES;
				CLANG_WARN_SUSPICIOUS_MOVE = YES;
				CLANG_WARN_UNGUARDED_AVAILABILITY = YES_AGGRESSIVE;
				CLANG_WARN_UNREACHABLE_CODE = YES;
				CLANG_WARN__DUPLICATE_METHOD_MATCH = YES;
				COPY_PHASE_STRIP = NO;
				DEBUG_INFORMATION_FORMAT = dwarf;
				ENABLE_STRICT_OBJC_MSGSEND = YES;
				ENABLE_TESTABILITY = YES;
				GCC_C_LANGUAGE_STANDARD = gnu11;
				GCC_DYNAMIC_NO_PIC = NO;
				GCC_NO_COMMON_BLOCKS = YES;
				GCC_OPTIMIZATION_LEVEL = 0;
				GCC_PREPROCESSOR_DEFINITIONS = (
					"DEBUG=1",
					"$(inherited)",
				);
				GCC_WARN_64_TO_32_BIT_CONVERSION = YES;
				GCC_WARN_ABOUT_RETURN_TYPE = YES_ERROR;
				GCC_WARN_UNDECLARED_SELECTOR = YES;
				GCC_WARN_UNINITIALIZED_AUTOS = YES_AGGRESSIVE;
				GCC_WARN_UNUSED_FUNCTION = YES;
				GCC_WARN_UNUSED_VARIABLE = YES;
				MTL_ENABLE_DEBUG_INFO = INCLUDE_SOURCE;
				MTL_FAST_MATH = YES;
				ONLY_ACTIVE_ARCH = YES;
				SWIFT_ACTIVE_COMPILATION_CONDITIONS = DEBUG;
				SWIFT_OPTIMIZATION_LEVEL = "-Onone";
			};
			name = Debug;
		};
		9E10E31625AB544F0052500B /* Release */ = {
			isa = XCBuildConfiguration;
			buildSettings = {
				ALWAYS_SEARCH_USER_PATHS = NO;
				CLANG_ANALYZER_NONNULL = YES;
				CLANG_ANALYZER_NUMBER_OBJECT_CONVERSION = YES_AGGRESSIVE;
				CLANG_CXX_LANGUAGE_STANDARD = "gnu++14";
				CLANG_CXX_LIBRARY = "libc++";
				CLANG_ENABLE_MODULES = YES;
				CLANG_ENABLE_OBJC_ARC = YES;
				CLANG_ENABLE_OBJC_WEAK = YES;
				CLANG_WARN_BLOCK_CAPTURE_AUTORELEASING = YES;
				CLANG_WARN_BOOL_CONVERSION = YES;
				CLANG_WARN_COMMA = YES;
				CLANG_WARN_CONSTANT_CONVERSION = YES;
				CLANG_WARN_DEPRECATED_OBJC_IMPLEMENTATIONS = YES;
				CLANG_WARN_DIRECT_OBJC_ISA_USAGE = YES_ERROR;
				CLANG_WARN_DOCUMENTATION_COMMENTS = YES;
				CLANG_WARN_EMPTY_BODY = YES;
				CLANG_WARN_ENUM_CONVERSION = YES;
				CLANG_WARN_INFINITE_RECURSION = YES;
				CLANG_WARN_INT_CONVERSION = YES;
				CLANG_WARN_NON_LITERAL_NULL_CONVERSION = YES;
				CLANG_WARN_OBJC_IMPLICIT_RETAIN_SELF = YES;
				CLANG_WARN_OBJC_LITERAL_CONVERSION = YES;
				CLANG_WARN_OBJC_ROOT_CLASS = YES_ERROR;
				CLANG_WARN_QUOTED_INCLUDE_IN_FRAMEWORK_HEADER = YES;
				CLANG_WARN_RANGE_LOOP_ANALYSIS = YES;
				CLANG_WARN_STRICT_PROTOTYPES = YES;
				CLANG_WARN_SUSPICIOUS_MOVE = YES;
				CLANG_WARN_UNGUARDED_AVAILABILITY = YES_AGGRESSIVE;
				CLANG_WARN_UNREACHABLE_CODE = YES;
				CLANG_WARN__DUPLICATE_METHOD_MATCH = YES;
				COPY_PHASE_STRIP = NO;
				DEBUG_INFORMATION_FORMAT = "dwarf-with-dsym";
				ENABLE_NS_ASSERTIONS = NO;
				ENABLE_STRICT_OBJC_MSGSEND = YES;
				GCC_C_LANGUAGE_STANDARD = gnu11;
				GCC_NO_COMMON_BLOCKS = YES;
				GCC_WARN_64_TO_32_BIT_CONVERSION = YES;
				GCC_WARN_ABOUT_RETURN_TYPE = YES_ERROR;
				GCC_WARN_UNDECLARED_SELECTOR = YES;
				GCC_WARN_UNINITIALIZED_AUTOS = YES_AGGRESSIVE;
				GCC_WARN_UNUSED_FUNCTION = YES;
				GCC_WARN_UNUSED_VARIABLE = YES;
				MTL_ENABLE_DEBUG_INFO = NO;
				MTL_FAST_MATH = YES;
				SWIFT_COMPILATION_MODE = wholemodule;
				SWIFT_OPTIMIZATION_LEVEL = "-O";
			};
			name = Release;
		};
		9E10E31825AB544F0052500B /* Debug */ = {
			isa = XCBuildConfiguration;
			buildSettings = {
				ASSETCATALOG_COMPILER_APPICON_NAME = AppIcon;
				ASSETCATALOG_COMPILER_GLOBAL_ACCENT_COLOR_NAME = AccentColor;
				CODE_SIGN_STYLE = Automatic;
				DEVELOPMENT_TEAM = LQ684HU3G7;
				ENABLE_PREVIEWS = YES;
				INFOPLIST_FILE = iOS/Info.plist;
				IPHONEOS_DEPLOYMENT_TARGET = 14.0;
				LD_RUNPATH_SEARCH_PATHS = (
					"$(inherited)",
					"@executable_path/Frameworks",
				);
				PRODUCT_BUNDLE_IDENTIFIER = "odz.odz4-Login-Neumorphism";
				PRODUCT_NAME = "odz4-Login-Neumorphism";
				SDKROOT = iphoneos;
				SWIFT_VERSION = 5.0;
				TARGETED_DEVICE_FAMILY = "1,2";
			};
			name = Debug;
		};
		9E10E31925AB544F0052500B /* Release */ = {
			isa = XCBuildConfiguration;
			buildSettings = {
				ASSETCATALOG_COMPILER_APPICON_NAME = AppIcon;
				ASSETCATALOG_COMPILER_GLOBAL_ACCENT_COLOR_NAME = AccentColor;
				CODE_SIGN_STYLE = Automatic;
				DEVELOPMENT_TEAM = LQ684HU3G7;
				ENABLE_PREVIEWS = YES;
				INFOPLIST_FILE = iOS/Info.plist;
				IPHONEOS_DEPLOYMENT_TARGET = 14.0;
				LD_RUNPATH_SEARCH_PATHS = (
					"$(inherited)",
					"@executable_path/Frameworks",
				);
				PRODUCT_BUNDLE_IDENTIFIER = "odz.odz4-Login-Neumorphism";
				PRODUCT_NAME = "odz4-Login-Neumorphism";
				SDKROOT = iphoneos;
				SWIFT_VERSION = 5.0;
				TARGETED_DEVICE_FAMILY = "1,2";
				VALIDATE_PRODUCT = YES;
			};
			name = Release;
		};
		9E10E31B25AB544F0052500B /* Debug */ = {
			isa = XCBuildConfiguration;
			buildSettings = {
				ASSETCATALOG_COMPILER_APPICON_NAME = AppIcon;
				ASSETCATALOG_COMPILER_GLOBAL_ACCENT_COLOR_NAME = AccentColor;
				CODE_SIGN_ENTITLEMENTS = macOS/macOS.entitlements;
				CODE_SIGN_STYLE = Automatic;
				COMBINE_HIDPI_IMAGES = YES;
				DEVELOPMENT_TEAM = LQ684HU3G7;
				ENABLE_HARDENED_RUNTIME = YES;
				ENABLE_PREVIEWS = YES;
				INFOPLIST_FILE = macOS/Info.plist;
				LD_RUNPATH_SEARCH_PATHS = (
					"$(inherited)",
					"@executable_path/../Frameworks",
				);
				MACOSX_DEPLOYMENT_TARGET = 11.0;
				PRODUCT_BUNDLE_IDENTIFIER = "odz.odz4-Login-Neumorphism";
				PRODUCT_NAME = "odz4-Login-Neumorphism";
				SDKROOT = macosx;
				SWIFT_VERSION = 5.0;
			};
			name = Debug;
		};
		9E10E31C25AB544F0052500B /* Release */ = {
			isa = XCBuildConfiguration;
			buildSettings = {
				ASSETCATALOG_COMPILER_APPICON_NAME = AppIcon;
				ASSETCATALOG_COMPILER_GLOBAL_ACCENT_COLOR_NAME = AccentColor;
				CODE_SIGN_ENTITLEMENTS = macOS/macOS.entitlements;
				CODE_SIGN_STYLE = Automatic;
				COMBINE_HIDPI_IMAGES = YES;
				DEVELOPMENT_TEAM = LQ684HU3G7;
				ENABLE_HARDENED_RUNTIME = YES;
				ENABLE_PREVIEWS = YES;
				INFOPLIST_FILE = macOS/Info.plist;
				LD_RUNPATH_SEARCH_PATHS = (
					"$(inherited)",
					"@executable_path/../Frameworks",
				);
				MACOSX_DEPLOYMENT_TARGET = 11.0;
				PRODUCT_BUNDLE_IDENTIFIER = "odz.odz4-Login-Neumorphism";
				PRODUCT_NAME = "odz4-Login-Neumorphism";
				SDKROOT = macosx;
				SWIFT_VERSION = 5.0;
			};
			name = Release;
		};
/* End XCBuildConfiguration section */

/* Begin XCConfigurationList section */
		9E10E2FA25AB544B0052500B /* Build configuration list for PBXProject "odz4-Login-Neumorphism" */ = {
			isa = XCConfigurationList;
			buildConfigurations = (
				9E10E31525AB544F0052500B /* Debug */,
				9E10E31625AB544F0052500B /* Release */,
			);
			defaultConfigurationIsVisible = 0;
			defaultConfigurationName = Release;
		};
		9E10E31725AB544F0052500B /* Build configuration list for PBXNativeTarget "odz4-Login-Neumorphism (iOS)" */ = {
			isa = XCConfigurationList;
			buildConfigurations = (
				9E10E31825AB544F0052500B /* Debug */,
				9E10E31925AB544F0052500B /* Release */,
			);
			defaultConfigurationIsVisible = 0;
			defaultConfigurationName = Release;
		};
		9E10E31A25AB544F0052500B /* Build configuration list for PBXNativeTarget "odz4-Login-Neumorphism (macOS)" */ = {
			isa = XCConfigurationList;
			buildConfigurations = (
				9E10E31B25AB544F0052500B /* Debug */,
				9E10E31C25AB544F0052500B /* Release */,
			);
			defaultConfigurationIsVisible = 0;
			defaultConfigurationName = Release;
		};
/* End XCConfigurationList section */
	};
	rootObject = 9E10E2F725AB544B0052500B /* Project object */;
}
